
Microsoft Visual Studio Solution File, Format Version 12.00
# Visual Studio Version 17
VisualStudioVersion = 17.10.35027.167
MinimumVisualStudioVersion = 10.0.40219.1
Project("{9A19103F-16F7-4668-BE54-9A1E7A4F7556}") = "WebApi", "WebApi\WebApi.csproj", "{01E84C69-818C-4B11-ADDE-934664F50019}"
EndProject
Project("{9A19103F-16F7-4668-BE54-9A1E7A4F7556}") = "Customer.Core", "Customer.Core\Customer.Core.csproj", "{EEC8B34F-7385-455B-B6C6-749332D3DDBD}"
EndProject
Project("{9A19103F-16F7-4668-BE54-9A1E7A4F7556}") = "Customer.Application", "Customer.Application\Customer.Application.csproj", "{557FA6CA-E0B9-424C-87A5-6E602A8AC98D}"
EndProject
Project("{9A19103F-16F7-4668-BE54-9A1E7A4F7556}") = "Customer.Infrastructure", "Customer.Infrastructure\Customer.Infrastructure.csproj", "{AC1561B6-9452-4627-9A7D-4234F44CD8DA}"
EndProject
Project("{9A19103F-16F7-4668-BE54-9A1E7A4F7556}") = "Customer.Infrastructure.Db", "Customer.Infrastructure.Db\Customer.Infrastructure.Db.csproj", "{BF2B8341-F810-4421-82F2-EE5A6B96E3B2}"
EndProject
Project("{2150E333-8FDC-42A3-9474-1A3956D46DE8}") = "Customer", "Customer", "{9FB16221-F610-4270-B2F6-A32AE6AAABD6}"
EndProject
Project("{2150E333-8FDC-42A3-9474-1A3956D46DE8}") = "Manufacturer", "Manufacturer", "{D092FF3D-A221-4251-BA43-68DD5AE9496D}"
EndProject
Project("{9A19103F-16F7-4668-BE54-9A1E7A4F7556}") = "Manufacturer.Core", "Manufacturer.Core\Manufacturer.Core.csproj", "{460724D2-4C7F-414A-9385-E28BF8BD98E9}"
EndProject
Project("{9A19103F-16F7-4668-BE54-9A1E7A4F7556}") = "Manufacturer.Application", "Manufacturer.Application\Manufacturer.Application.csproj", "{BF9730EF-09B6-4F72-8620-CC4F3B0759F7}"
EndProject
Project("{9A19103F-16F7-4668-BE54-9A1E7A4F7556}") = "Manufacturer.Infrastructure", "Manufacturer.Infrastructure\Manufacturer.Infrastructure.csproj", "{E9859BA7-C968-48CB-9478-C9789E18D520}"
EndProject
Project("{9A19103F-16F7-4668-BE54-9A1E7A4F7556}") = "Manufacturer.Infrastructure.Db", "Manufacturer.Infrastructure.Db\Manufacturer.Infrastructure.Db.csproj", "{04E692FB-3B08-438B-B1A7-B691C275012B}"
EndProject
Project("{FAE04EC0-301F-11D3-BF4B-00C04F79EFBC}") = "Customer.Messages", "Customer.Messages\Customer.Messages.csproj", "{4DF7EE2E-3A6F-4EFC-9E27-8079640B5ADD}"
EndProject
Global
	GlobalSection(SolutionConfigurationPlatforms) = preSolution
		Debug|Any CPU = Debug|Any CPU
		Release|Any CPU = Release|Any CPU
	EndGlobalSection
	GlobalSection(ProjectConfigurationPlatforms) = postSolution
		{01E84C69-818C-4B11-ADDE-934664F50019}.Debug|Any CPU.ActiveCfg = Debug|Any CPU
		{01E84C69-818C-4B11-ADDE-934664F50019}.Debug|Any CPU.Build.0 = Debug|Any CPU
		{01E84C69-818C-4B11-ADDE-934664F50019}.Release|Any CPU.ActiveCfg = Release|Any CPU
		{01E84C69-818C-4B11-ADDE-934664F50019}.Release|Any CPU.Build.0 = Release|Any CPU
		{EEC8B34F-7385-455B-B6C6-749332D3DDBD}.Debug|Any CPU.ActiveCfg = Debug|Any CPU
		{EEC8B34F-7385-455B-B6C6-749332D3DDBD}.Debug|Any CPU.Build.0 = Debug|Any CPU
		{EEC8B34F-7385-455B-B6C6-749332D3DDBD}.Release|Any CPU.ActiveCfg = Release|Any CPU
		{EEC8B34F-7385-455B-B6C6-749332D3DDBD}.Release|Any CPU.Build.0 = Release|Any CPU
		{557FA6CA-E0B9-424C-87A5-6E602A8AC98D}.Debug|Any CPU.ActiveCfg = Debug|Any CPU
		{557FA6CA-E0B9-424C-87A5-6E602A8AC98D}.Debug|Any CPU.Build.0 = Debug|Any CPU
		{557FA6CA-E0B9-424C-87A5-6E602A8AC98D}.Release|Any CPU.ActiveCfg = Release|Any CPU
		{557FA6CA-E0B9-424C-87A5-6E602A8AC98D}.Release|Any CPU.Build.0 = Release|Any CPU
		{AC1561B6-9452-4627-9A7D-4234F44CD8DA}.Debug|Any CPU.ActiveCfg = Debug|Any CPU
		{AC1561B6-9452-4627-9A7D-4234F44CD8DA}.Debug|Any CPU.Build.0 = Debug|Any CPU
		{AC1561B6-9452-4627-9A7D-4234F44CD8DA}.Release|Any CPU.ActiveCfg = Release|Any CPU
		{AC1561B6-9452-4627-9A7D-4234F44CD8DA}.Release|Any CPU.Build.0 = Release|Any CPU
		{BF2B8341-F810-4421-82F2-EE5A6B96E3B2}.Debug|Any CPU.ActiveCfg = Debug|Any CPU
		{BF2B8341-F810-4421-82F2-EE5A6B96E3B2}.Debug|Any CPU.Build.0 = Debug|Any CPU
		{BF2B8341-F810-4421-82F2-EE5A6B96E3B2}.Release|Any CPU.ActiveCfg = Release|Any CPU
		{BF2B8341-F810-4421-82F2-EE5A6B96E3B2}.Release|Any CPU.Build.0 = Release|Any CPU
		{460724D2-4C7F-414A-9385-E28BF8BD98E9}.Debug|Any CPU.ActiveCfg = Debug|Any CPU
		{460724D2-4C7F-414A-9385-E28BF8BD98E9}.Debug|Any CPU.Build.0 = Debug|Any CPU
		{460724D2-4C7F-414A-9385-E28BF8BD98E9}.Release|Any CPU.ActiveCfg = Release|Any CPU
		{460724D2-4C7F-414A-9385-E28BF8BD98E9}.Release|Any CPU.Build.0 = Release|Any CPU
		{BF9730EF-09B6-4F72-8620-CC4F3B0759F7}.Debug|Any CPU.ActiveCfg = Debug|Any CPU
		{BF9730EF-09B6-4F72-8620-CC4F3B0759F7}.Debug|Any CPU.Build.0 = Debug|Any CPU
		{BF9730EF-09B6-4F72-8620-CC4F3B0759F7}.Release|Any CPU.ActiveCfg = Release|Any CPU
		{BF9730EF-09B6-4F72-8620-CC4F3B0759F7}.Release|Any CPU.Build.0 = Release|Any CPU
		{E9859BA7-C968-48CB-9478-C9789E18D520}.Debug|Any CPU.ActiveCfg = Debug|Any CPU
		{E9859BA7-C968-48CB-9478-C9789E18D520}.Debug|Any CPU.Build.0 = Debug|Any CPU
		{E9859BA7-C968-48CB-9478-C9789E18D520}.Release|Any CPU.ActiveCfg = Release|Any CPU
		{E9859BA7-C968-48CB-9478-C9789E18D520}.Release|Any CPU.Build.0 = Release|Any CPU
		{04E692FB-3B08-438B-B1A7-B691C275012B}.Debug|Any CPU.ActiveCfg = Debug|Any CPU
		{04E692FB-3B08-438B-B1A7-B691C275012B}.Debug|Any CPU.Build.0 = Debug|Any CPU
		{04E692FB-3B08-438B-B1A7-B691C275012B}.Release|Any CPU.ActiveCfg = Release|Any CPU
		{04E692FB-3B08-438B-B1A7-B691C275012B}.Release|Any CPU.Build.0 = Release|Any CPU
		{4DF7EE2E-3A6F-4EFC-9E27-8079640B5ADD}.Debug|Any CPU.ActiveCfg = Debug|Any CPU
		{4DF7EE2E-3A6F-4EFC-9E27-8079640B5ADD}.Debug|Any CPU.Build.0 = Debug|Any CPU
		{4DF7EE2E-3A6F-4EFC-9E27-8079640B5ADD}.Release|Any CPU.ActiveCfg = Release|Any CPU
		{4DF7EE2E-3A6F-4EFC-9E27-8079640B5ADD}.Release|Any CPU.Build.0 = Release|Any CPU
	EndGlobalSection
	GlobalSection(SolutionProperties) = preSolution
		HideSolutionNode = FALSE
	EndGlobalSection
	GlobalSection(NestedProjects) = preSolution
		{EEC8B34F-7385-455B-B6C6-749332D3DDBD} = {9FB16221-F610-4270-B2F6-A32AE6AAABD6}
		{557FA6CA-E0B9-424C-87A5-6E602A8AC98D} = {9FB16221-F610-4270-B2F6-A32AE6AAABD6}
		{AC1561B6-9452-4627-9A7D-4234F44CD8DA} = {9FB16221-F610-4270-B2F6-A32AE6AAABD6}
		{BF2B8341-F810-4421-82F2-EE5A6B96E3B2} = {9FB16221-F610-4270-B2F6-A32AE6AAABD6}
		{460724D2-4C7F-414A-9385-E28BF8BD98E9} = {D092FF3D-A221-4251-BA43-68DD5AE9496D}
		{BF9730EF-09B6-4F72-8620-CC4F3B0759F7} = {D092FF3D-A221-4251-BA43-68DD5AE9496D}
		{E9859BA7-C968-48CB-9478-C9789E18D520} = {D092FF3D-A221-4251-BA43-68DD5AE9496D}
		{04E692FB-3B08-438B-B1A7-B691C275012B} = {D092FF3D-A221-4251-BA43-68DD5AE9496D}
		{4DF7EE2E-3A6F-4EFC-9E27-8079640B5ADD} = {9FB16221-F610-4270-B2F6-A32AE6AAABD6}
	EndGlobalSection
	GlobalSection(ExtensibilityGlobals) = postSolution
		SolutionGuid = {B848E72E-638F-401E-B901-3548E390F07B}
	EndGlobalSection
EndGlobal
