
Microsoft Visual Studio Solution File, Format Version 12.00
# Visual Studio Version 17
VisualStudioVersion = 17.10.35027.167
MinimumVisualStudioVersion = 10.0.40219.1
Project("{FAE04EC0-301F-11D3-BF4B-00C04F79EFBC}") = "AssessmentApp", "AssessmentApp\AssessmentApp.csproj", "{01E84C69-818C-4B11-ADDE-934664F50019}"
EndProject
Global
	GlobalSection(SolutionConfigurationPlatforms) = preSolution
		Debug|Any CPU = Debug|Any CPU
		Release|Any CPU = Release|Any CPU
	EndGlobalSection
	GlobalSection(ProjectConfigurationPlatforms) = postSolution
		{01E84C69-818C-4B11-ADDE-934664F50019}.Debug|Any CPU.ActiveCfg = Debug|Any CPU
		{01E84C69-818C-4B11-ADDE-934664F50019}.Debug|Any CPU.Build.0 = Debug|Any CPU
		{01E84C69-818C-4B11-ADDE-934664F50019}.Release|Any CPU.ActiveCfg = Release|Any CPU
		{01E84C69-818C-4B11-ADDE-934664F50019}.Release|Any CPU.Build.0 = Release|Any CPU
	EndGlobalSection
	GlobalSection(SolutionProperties) = preSolution
		HideSolutionNode = FALSE
	EndGlobalSection
	GlobalSection(ExtensibilityGlobals) = postSolution
		SolutionGuid = {B848E72E-638F-401E-B901-3548E390F07B}
	EndGlobalSection
EndGlobal
